
Microsoft Visual Studio Solution File, Format Version 12.00
# Visual Studio Version 17
VisualStudioVersion = 17.4.33213.308
MinimumVisualStudioVersion = 10.0.40219.1
Project("{FAE04EC0-301F-11D3-BF4B-00C04F79EFBC}") = "Sales.Shared", "Sales.Shared\Sales.Shared.csproj", "{20C505B4-A788-495F-91FD-F926ACC8B1F5}"
EndProject
Project("{FAE04EC0-301F-11D3-BF4B-00C04F79EFBC}") = "Sales.API", "Sales.API\Sales.API.csproj", "{B817A461-1A20-477A-B878-6E8C151B0E14}"
EndProject
Project("{FAE04EC0-301F-11D3-BF4B-00C04F79EFBC}") = "Sales.WEB", "Sales.WEB\Sales.WEB.csproj", "{0929DAEB-1E98-4F64-8036-689BCA34BBBF}"
EndProject
Project("{FAE04EC0-301F-11D3-BF4B-00C04F79EFBC}") = "Sales.Mobile", "Sales.Mobile\Sales.Mobile.csproj", "{64606EFD-993D-45EB-85F5-43FF935CA74D}"
EndProject
Global
	GlobalSection(SolutionConfigurationPlatforms) = preSolution
		Debug|Any CPU = Debug|Any CPU
		Release|Any CPU = Release|Any CPU
	EndGlobalSection
	GlobalSection(ProjectConfigurationPlatforms) = postSolution
		{20C505B4-A788-495F-91FD-F926ACC8B1F5}.Debug|Any CPU.ActiveCfg = Debug|Any CPU
		{20C505B4-A788-495F-91FD-F926ACC8B1F5}.Debug|Any CPU.Build.0 = Debug|Any CPU
		{20C505B4-A788-495F-91FD-F926ACC8B1F5}.Release|Any CPU.ActiveCfg = Release|Any CPU
		{20C505B4-A788-495F-91FD-F926ACC8B1F5}.Release|Any CPU.Build.0 = Release|Any CPU
		{B817A461-1A20-477A-B878-6E8C151B0E14}.Debug|Any CPU.ActiveCfg = Debug|Any CPU
		{B817A461-1A20-477A-B878-6E8C151B0E14}.Debug|Any CPU.Build.0 = Debug|Any CPU
		{B817A461-1A20-477A-B878-6E8C151B0E14}.Release|Any CPU.ActiveCfg = Release|Any CPU
		{B817A461-1A20-477A-B878-6E8C151B0E14}.Release|Any CPU.Build.0 = Release|Any CPU
		{0929DAEB-1E98-4F64-8036-689BCA34BBBF}.Debug|Any CPU.ActiveCfg = Debug|Any CPU
		{0929DAEB-1E98-4F64-8036-689BCA34BBBF}.Debug|Any CPU.Build.0 = Debug|Any CPU
		{0929DAEB-1E98-4F64-8036-689BCA34BBBF}.Release|Any CPU.ActiveCfg = Release|Any CPU
		{0929DAEB-1E98-4F64-8036-689BCA34BBBF}.Release|Any CPU.Build.0 = Release|Any CPU
		{64606EFD-993D-45EB-85F5-43FF935CA74D}.Debug|Any CPU.ActiveCfg = Debug|Any CPU
		{64606EFD-993D-45EB-85F5-43FF935CA74D}.Debug|Any CPU.Build.0 = Debug|Any CPU
		{64606EFD-993D-45EB-85F5-43FF935CA74D}.Debug|Any CPU.Deploy.0 = Debug|Any CPU
		{64606EFD-993D-45EB-85F5-43FF935CA74D}.Release|Any CPU.ActiveCfg = Release|Any CPU
		{64606EFD-993D-45EB-85F5-43FF935CA74D}.Release|Any CPU.Build.0 = Release|Any CPU
		{64606EFD-993D-45EB-85F5-43FF935CA74D}.Release|Any CPU.Deploy.0 = Release|Any CPU
	EndGlobalSection
	GlobalSection(SolutionProperties) = preSolution
		HideSolutionNode = FALSE
	EndGlobalSection
	GlobalSection(ExtensibilityGlobals) = postSolution
		SolutionGuid = {DD793145-51D6-40E2-9E2D-2A3D75BC2074}
	EndGlobalSection
EndGlobal
